<?xml version="1.0" encoding="utf-8"?>
<Project ToolsVersion="4.0" xmlns="http://schemas.microsoft.com/developer/msbuild/2003">
  <ItemGroup>
    <Filter Include="main2">
      <UniqueIdentifier>{98946cbd-8d2a-4b6d-a934-132c65b3f0d9}</UniqueIdentifier>
    </Filter>
  </ItemGroup>
  <ItemGroup>
    <ClCompile Include="main2.cpp">
      <Filter>main2</Filter>
    </ClCompile>
  </ItemGroup>
</Project>